
Microsoft Visual Studio Solution File, Format Version 12.00
# Visual Studio Version 16
VisualStudioVersion = 16.0.31112.23
MinimumVisualStudioVersion = 10.0.40219.1
Project("{FAE04EC0-301F-11D3-BF4B-00C04F79EFBC}") = "taskutil", "taskutil.csproj", "{45B69BBB-AA9D-43CF-91D5-3AD027E7D0E7}"
EndProject
Global
	GlobalSection(SolutionConfigurationPlatforms) = preSolution
		Debug|Any CPU = Debug|Any CPU
		Release|Any CPU = Release|Any CPU
	EndGlobalSection
	GlobalSection(ProjectConfigurationPlatforms) = postSolution
		{45B69BBB-AA9D-43CF-91D5-3AD027E7D0E7}.Debug|Any CPU.ActiveCfg = Debug|Any CPU
		{45B69BBB-AA9D-43CF-91D5-3AD027E7D0E7}.Debug|Any CPU.Build.0 = Debug|Any CPU
		{45B69BBB-AA9D-43CF-91D5-3AD027E7D0E7}.Release|Any CPU.ActiveCfg = Release|Any CPU
		{45B69BBB-AA9D-43CF-91D5-3AD027E7D0E7}.Release|Any CPU.Build.0 = Release|Any CPU
	EndGlobalSection
	GlobalSection(SolutionProperties) = preSolution
		HideSolutionNode = FALSE
	EndGlobalSection
	GlobalSection(ExtensibilityGlobals) = postSolution
		SolutionGuid = {4A86EFF4-F6F9-4C7A-BFAA-C967CE00E916}
	EndGlobalSection
EndGlobal
